
Microsoft Visual Studio Solution File, Format Version 12.00
# Visual Studio Version 17
VisualStudioVersion = 17.5.33516.290
MinimumVisualStudioVersion = 10.0.40219.1
Project("{FAE04EC0-301F-11D3-BF4B-00C04F79EFBC}") = "FileTasks", "FileTasks\FileTasks.csproj", "{96FD894F-79C8-47BA-A10B-CAB715BAD88E}"
EndProject
Global
	GlobalSection(SolutionConfigurationPlatforms) = preSolution
		Debug|Any CPU = Debug|Any CPU
		Release|Any CPU = Release|Any CPU
	EndGlobalSection
	GlobalSection(ProjectConfigurationPlatforms) = postSolution
		{96FD894F-79C8-47BA-A10B-CAB715BAD88E}.Debug|Any CPU.ActiveCfg = Debug|Any CPU
		{96FD894F-79C8-47BA-A10B-CAB715BAD88E}.Debug|Any CPU.Build.0 = Debug|Any CPU
		{96FD894F-79C8-47BA-A10B-CAB715BAD88E}.Release|Any CPU.ActiveCfg = Release|Any CPU
		{96FD894F-79C8-47BA-A10B-CAB715BAD88E}.Release|Any CPU.Build.0 = Release|Any CPU
	EndGlobalSection
	GlobalSection(SolutionProperties) = preSolution
		HideSolutionNode = FALSE
	EndGlobalSection
	GlobalSection(ExtensibilityGlobals) = postSolution
		SolutionGuid = {8298D6EA-3A98-451E-BDDA-38D2CB9DFCCD}
	EndGlobalSection
EndGlobal
